// !$*UTF8*$!
{
	archiveVersion = 1;
	classes = {
	};
	objectVersion = 77;
	objects = {

/* Begin PBXBuildFile section */
		C5113A692D9704A0003376AB /* Preview Assets.xcassets in Resources */ = {isa = PBXBuildFile; fileRef = C5113A632D9704A0003376AB /* Preview Assets.xcassets */; };
		C5113A6A2D9704A0003376AB /* Assets.xcassets in Resources */ = {isa = PBXBuildFile; fileRef = C5113A652D9704A0003376AB /* Assets.xcassets */; };
		C5113A6B2D9704A0003376AB /* InMemoryTaskRepository.swift in Sources */ = {isa = PBXBuildFile; fileRef = C5113A552D9704A0003376AB /* InMemoryTaskRepository.swift */; };
		C5113A6C2D9704A0003376AB /* Task.swift in Sources */ = {isa = PBXBuildFile; fileRef = C5113A582D9704A0003376AB /* Task.swift */; };
		C5113A6D2D9704A0003376AB /* TaskRepository.swift in Sources */ = {isa = PBXBuildFile; fileRef = C5113A5A2D9704A0003376AB /* TaskRepository.swift */; };
		C5113A6E2D9704A0003376AB /* CreateTaskUseCase.swift in Sources */ = {isa = PBXBuildFile; fileRef = C5113A5C2D9704A0003376AB /* CreateTaskUseCase.swift */; };
		C5113A6F2D9704A0003376AB /* ListTasksUseCase.swift in Sources */ = {isa = PBXBuildFile; fileRef = C5113A5D2D9704A0003376AB /* ListTasksUseCase.swift */; };
		C5113A702D9704A0003376AB /* ContentView.swift in Sources */ = {isa = PBXBuildFile; fileRef = C5113A662D9704A0003376AB /* ContentView.swift */; };
		C5113A712D9704A0003376AB /* ToDoApp.swift in Sources */ = {isa = PBXBuildFile; fileRef = C5113A672D9704A0003376AB /* ToDoApp.swift */; };
		C5113A772D9704A4003376AB /* CreateTaskUseCaseTests.swift in Sources */ = {isa = PBXBuildFile; fileRef = C5113A722D9704A4003376AB /* CreateTaskUseCaseTests.swift */; };
		C5113A782D9704A4003376AB /* ListTasksUseCaseTests.swift.swift in Sources */ = {isa = PBXBuildFile; fileRef = C5113A732D9704A4003376AB /* ListTasksUseCaseTests.swift.swift */; };
		C53416E92D99919D000B60F1 /* TaskTitleValidatorTests.swift in Sources */ = {isa = PBXBuildFile; fileRef = C585DDDB2D997DB0008A3BA5 /* TaskTitleValidatorTests.swift */; };
		C585DDD42D971FF3008A3BA5 /* ToggleTaskUseCaseTests.swift in Sources */ = {isa = PBXBuildFile; fileRef = C585DDD32D971FEB008A3BA5 /* ToggleTaskUseCaseTests.swift */; };
		C585DDD62D986ABC008A3BA5 /* ToggleTaskUseCase.swift in Sources */ = {isa = PBXBuildFile; fileRef = C585DDD52D986AB6008A3BA5 /* ToggleTaskUseCase.swift */; };
		C585DDD82D986F2C008A3BA5 /* DeleteTaskUseCaseTests.swift in Sources */ = {isa = PBXBuildFile; fileRef = C585DDD72D986F11008A3BA5 /* DeleteTaskUseCaseTests.swift */; };
		C585DDDA2D9878F0008A3BA5 /* DeleteTaskUseCase.swift in Sources */ = {isa = PBXBuildFile; fileRef = C585DDD92D9878E9008A3BA5 /* DeleteTaskUseCase.swift */; };
		C585DDDD2D9981A1008A3BA5 /* CreateTaskError.swift in Sources */ = {isa = PBXBuildFile; fileRef = C585DDDC2D99819B008A3BA5 /* CreateTaskError.swift */; };
		C585DDE22D998F1F008A3BA5 /* TaskTitleValidator.swift in Sources */ = {isa = PBXBuildFile; fileRef = C585DDE12D998F14008A3BA5 /* TaskTitleValidator.swift */; };
		C5B96B1C2DB6968000413B7B /* UserDefaultsTaskRepository.swift in Sources */ = {isa = PBXBuildFile; fileRef = C5B96B1B2DB6967A00413B7B /* UserDefaultsTaskRepository.swift */; };
		C5B96B1F2DB6998C00413B7B /* UserDefaultsTaskRepositoryTests.swift in Sources */ = {isa = PBXBuildFile; fileRef = C5B96B1E2DB6997F00413B7B /* UserDefaultsTaskRepositoryTests.swift */; };
		C5B96B212DB69DA400413B7B /* TaskListViewModel.swift in Sources */ = {isa = PBXBuildFile; fileRef = C5B96B202DB69D9900413B7B /* TaskListViewModel.swift */; };
		C5B96B242DB81AA100413B7B /* TaskListViewModelTests.swift in Sources */ = {isa = PBXBuildFile; fileRef = C5B96B232DB81A9200413B7B /* TaskListViewModelTests.swift */; };
		C5E24FC52DBAADE900349EAE /* TaskListView.swift in Sources */ = {isa = PBXBuildFile; fileRef = C5E24FC42DBAADE700349EAE /* TaskListView.swift */; };
/* End PBXBuildFile section */

/* Begin PBXContainerItemProxy section */
		C51139FD2D96D656003376AB /* PBXContainerItemProxy */ = {
			isa = PBXContainerItemProxy;
			containerPortal = C51139CE2D96D40B003376AB /* Project object */;
			proxyType = 1;
			remoteGlobalIDString = C51139D52D96D40B003376AB;
			remoteInfo = ToDo;
		};
/* End PBXContainerItemProxy section */

/* Begin PBXFileReference section */
		C51139D62D96D40B003376AB /* ToDo.app */ = {isa = PBXFileReference; explicitFileType = wrapper.application; includeInIndex = 0; path = ToDo.app; sourceTree = BUILT_PRODUCTS_DIR; };
		C51139F92D96D656003376AB /* ToDoTests.xctest */ = {isa = PBXFileReference; explicitFileType = wrapper.cfbundle; includeInIndex = 0; path = ToDoTests.xctest; sourceTree = BUILT_PRODUCTS_DIR; };
		C5113A552D9704A0003376AB /* InMemoryTaskRepository.swift */ = {isa = PBXFileReference; lastKnownFileType = sourcecode.swift; path = InMemoryTaskRepository.swift; sourceTree = "<group>"; };
		C5113A582D9704A0003376AB /* Task.swift */ = {isa = PBXFileReference; lastKnownFileType = sourcecode.swift; path = Task.swift; sourceTree = "<group>"; };
		C5113A5A2D9704A0003376AB /* TaskRepository.swift */ = {isa = PBXFileReference; lastKnownFileType = sourcecode.swift; path = TaskRepository.swift; sourceTree = "<group>"; };
		C5113A5C2D9704A0003376AB /* CreateTaskUseCase.swift */ = {isa = PBXFileReference; lastKnownFileType = sourcecode.swift; path = CreateTaskUseCase.swift; sourceTree = "<group>"; };
		C5113A5D2D9704A0003376AB /* ListTasksUseCase.swift */ = {isa = PBXFileReference; lastKnownFileType = sourcecode.swift; path = ListTasksUseCase.swift; sourceTree = "<group>"; };
		C5113A632D9704A0003376AB /* Preview Assets.xcassets */ = {isa = PBXFileReference; lastKnownFileType = folder.assetcatalog; path = "Preview Assets.xcassets"; sourceTree = "<group>"; };
		C5113A652D9704A0003376AB /* Assets.xcassets */ = {isa = PBXFileReference; lastKnownFileType = folder.assetcatalog; path = Assets.xcassets; sourceTree = "<group>"; };
		C5113A662D9704A0003376AB /* ContentView.swift */ = {isa = PBXFileReference; lastKnownFileType = sourcecode.swift; path = ContentView.swift; sourceTree = "<group>"; };
		C5113A672D9704A0003376AB /* ToDoApp.swift */ = {isa = PBXFileReference; lastKnownFileType = sourcecode.swift; path = ToDoApp.swift; sourceTree = "<group>"; };
		C5113A722D9704A4003376AB /* CreateTaskUseCaseTests.swift */ = {isa = PBXFileReference; lastKnownFileType = sourcecode.swift; path = CreateTaskUseCaseTests.swift; sourceTree = "<group>"; };
		C5113A732D9704A4003376AB /* ListTasksUseCaseTests.swift.swift */ = {isa = PBXFileReference; lastKnownFileType = sourcecode.swift; path = ListTasksUseCaseTests.swift.swift; sourceTree = "<group>"; };
		C585DDD32D971FEB008A3BA5 /* ToggleTaskUseCaseTests.swift */ = {isa = PBXFileReference; lastKnownFileType = sourcecode.swift; path = ToggleTaskUseCaseTests.swift; sourceTree = "<group>"; };
		C585DDD52D986AB6008A3BA5 /* ToggleTaskUseCase.swift */ = {isa = PBXFileReference; lastKnownFileType = sourcecode.swift; path = ToggleTaskUseCase.swift; sourceTree = "<group>"; };
		C585DDD72D986F11008A3BA5 /* DeleteTaskUseCaseTests.swift */ = {isa = PBXFileReference; lastKnownFileType = sourcecode.swift; path = DeleteTaskUseCaseTests.swift; sourceTree = "<group>"; };
		C585DDD92D9878E9008A3BA5 /* DeleteTaskUseCase.swift */ = {isa = PBXFileReference; lastKnownFileType = sourcecode.swift; path = DeleteTaskUseCase.swift; sourceTree = "<group>"; };
		C585DDDB2D997DB0008A3BA5 /* TaskTitleValidatorTests.swift */ = {isa = PBXFileReference; lastKnownFileType = sourcecode.swift; path = TaskTitleValidatorTests.swift; sourceTree = "<group>"; };
		C585DDDC2D99819B008A3BA5 /* CreateTaskError.swift */ = {isa = PBXFileReference; lastKnownFileType = sourcecode.swift; path = CreateTaskError.swift; sourceTree = "<group>"; };
		C585DDE12D998F14008A3BA5 /* TaskTitleValidator.swift */ = {isa = PBXFileReference; lastKnownFileType = sourcecode.swift; path = TaskTitleValidator.swift; sourceTree = "<group>"; };
		C5B96B1B2DB6967A00413B7B /* UserDefaultsTaskRepository.swift */ = {isa = PBXFileReference; lastKnownFileType = sourcecode.swift; path = UserDefaultsTaskRepository.swift; sourceTree = "<group>"; };
		C5B96B1E2DB6997F00413B7B /* UserDefaultsTaskRepositoryTests.swift */ = {isa = PBXFileReference; lastKnownFileType = sourcecode.swift; path = UserDefaultsTaskRepositoryTests.swift; sourceTree = "<group>"; };
		C5B96B202DB69D9900413B7B /* TaskListViewModel.swift */ = {isa = PBXFileReference; lastKnownFileType = sourcecode.swift; path = TaskListViewModel.swift; sourceTree = "<group>"; };
		C5B96B232DB81A9200413B7B /* TaskListViewModelTests.swift */ = {isa = PBXFileReference; lastKnownFileType = sourcecode.swift; path = TaskListViewModelTests.swift; sourceTree = "<group>"; };
		C5E24FC42DBAADE700349EAE /* TaskListView.swift */ = {isa = PBXFileReference; lastKnownFileType = sourcecode.swift; path = TaskListView.swift; sourceTree = "<group>"; };
/* End PBXFileReference section */

/* Begin PBXFrameworksBuildPhase section */
		C51139D32D96D40B003376AB /* Frameworks */ = {
			isa = PBXFrameworksBuildPhase;
			buildActionMask = 2147483647;
			files = (
			);
			runOnlyForDeploymentPostprocessing = 0;
		};
		C51139F62D96D656003376AB /* Frameworks */ = {
			isa = PBXFrameworksBuildPhase;
			buildActionMask = 2147483647;
			files = (
			);
			runOnlyForDeploymentPostprocessing = 0;
		};
/* End PBXFrameworksBuildPhase section */

/* Begin PBXGroup section */
		C51139CD2D96D40B003376AB = {
			isa = PBXGroup;
			children = (
				C5113A682D9704A0003376AB /* ToDo */,
				C5113A762D9704A4003376AB /* ToDoTests */,
				C51139D72D96D40B003376AB /* Products */,
			);
			sourceTree = "<group>";
		};
		C51139D72D96D40B003376AB /* Products */ = {
			isa = PBXGroup;
			children = (
				C51139D62D96D40B003376AB /* ToDo.app */,
				C51139F92D96D656003376AB /* ToDoTests.xctest */,
			);
			name = Products;
			sourceTree = "<group>";
		};
		C5113A562D9704A0003376AB /* Repositories */ = {
			isa = PBXGroup;
			children = (
				C5B96B1B2DB6967A00413B7B /* UserDefaultsTaskRepository.swift */,
				C5113A552D9704A0003376AB /* InMemoryTaskRepository.swift */,
			);
			path = Repositories;
			sourceTree = "<group>";
		};
		C5113A572D9704A0003376AB /* Data */ = {
			isa = PBXGroup;
			children = (
				C5113A562D9704A0003376AB /* Repositories */,
			);
			path = Data;
			sourceTree = "<group>";
		};
		C5113A592D9704A0003376AB /* Entitites */ = {
			isa = PBXGroup;
			children = (
				C5113A582D9704A0003376AB /* Task.swift */,
			);
			path = Entitites;
			sourceTree = "<group>";
		};
		C5113A5B2D9704A0003376AB /* Protocols */ = {
			isa = PBXGroup;
			children = (
				C5113A5A2D9704A0003376AB /* TaskRepository.swift */,
			);
			path = Protocols;
			sourceTree = "<group>";
		};
		C5113A5E2D9704A0003376AB /* UseCases */ = {
			isa = PBXGroup;
			children = (
				C585DDDC2D99819B008A3BA5 /* CreateTaskError.swift */,
				C585DDD92D9878E9008A3BA5 /* DeleteTaskUseCase.swift */,
				C585DDD52D986AB6008A3BA5 /* ToggleTaskUseCase.swift */,
				C5113A5C2D9704A0003376AB /* CreateTaskUseCase.swift */,
				C5113A5D2D9704A0003376AB /* ListTasksUseCase.swift */,
			);
			path = UseCases;
			sourceTree = "<group>";
		};
		C5113A5F2D9704A0003376AB /* Domain */ = {
			isa = PBXGroup;
			children = (
				C585DDE02D998F09008A3BA5 /* Validators */,
				C5113A592D9704A0003376AB /* Entitites */,
				C5113A5B2D9704A0003376AB /* Protocols */,
				C5113A5E2D9704A0003376AB /* UseCases */,
			);
			path = Domain;
			sourceTree = "<group>";
		};
		C5113A602D9704A0003376AB /* ViewModels */ = {
			isa = PBXGroup;
			children = (
				C5B96B202DB69D9900413B7B /* TaskListViewModel.swift */,
			);
			path = ViewModels;
			sourceTree = "<group>";
		};
		C5113A612D9704A0003376AB /* Views */ = {
			isa = PBXGroup;
			children = (
				C5E24FC42DBAADE700349EAE /* TaskListView.swift */,
			);
			path = Views;
			sourceTree = "<group>";
		};
		C5113A622D9704A0003376AB /* Presentation */ = {
			isa = PBXGroup;
			children = (
				C5113A602D9704A0003376AB /* ViewModels */,
				C5113A612D9704A0003376AB /* Views */,
			);
			path = Presentation;
			sourceTree = "<group>";
		};
		C5113A642D9704A0003376AB /* Preview Content */ = {
			isa = PBXGroup;
			children = (
				C5113A632D9704A0003376AB /* Preview Assets.xcassets */,
			);
			path = "Preview Content";
			sourceTree = "<group>";
		};
		C5113A682D9704A0003376AB /* ToDo */ = {
			isa = PBXGroup;
			children = (
				C5113A5F2D9704A0003376AB /* Domain */,
				C5113A572D9704A0003376AB /* Data */,
				C5113A622D9704A0003376AB /* Presentation */,
				C5113A642D9704A0003376AB /* Preview Content */,
				C5113A652D9704A0003376AB /* Assets.xcassets */,
				C5113A662D9704A0003376AB /* ContentView.swift */,
				C5113A672D9704A0003376AB /* ToDoApp.swift */,
			);
			path = ToDo;
			sourceTree = "<group>";
		};
		C5113A742D9704A4003376AB /* DomainTests */ = {
			isa = PBXGroup;
			children = (
				C585DDDB2D997DB0008A3BA5 /* TaskTitleValidatorTests.swift */,
				C585DDD72D986F11008A3BA5 /* DeleteTaskUseCaseTests.swift */,
				C585DDD32D971FEB008A3BA5 /* ToggleTaskUseCaseTests.swift */,
				C5113A722D9704A4003376AB /* CreateTaskUseCaseTests.swift */,
				C5113A732D9704A4003376AB /* ListTasksUseCaseTests.swift.swift */,
			);
			path = DomainTests;
			sourceTree = "<group>";
		};
		C5113A762D9704A4003376AB /* ToDoTests */ = {
			isa = PBXGroup;
			children = (
				C5B96B222DB81A7C00413B7B /* PresentationTests */,
				C5B96B1D2DB6990700413B7B /* DataTests */,
				C5113A742D9704A4003376AB /* DomainTests */,
			);
			path = ToDoTests;
			sourceTree = "<group>";
		};
		C585DDE02D998F09008A3BA5 /* Validators */ = {
			isa = PBXGroup;
			children = (
				C585DDE12D998F14008A3BA5 /* TaskTitleValidator.swift */,
			);
			path = Validators;
			sourceTree = "<group>";
		};
		C5B96B1D2DB6990700413B7B /* DataTests */ = {
			isa = PBXGroup;
			children = (
				C5B96B1E2DB6997F00413B7B /* UserDefaultsTaskRepositoryTests.swift */,
			);
			path = DataTests;
			sourceTree = "<group>";
		};
		C5B96B222DB81A7C00413B7B /* PresentationTests */ = {
			isa = PBXGroup;
			children = (
				C5B96B232DB81A9200413B7B /* TaskListViewModelTests.swift */,
			);
			path = PresentationTests;
			sourceTree = "<group>";
		};
/* End PBXGroup section */

/* Begin PBXNativeTarget section */
		C51139D52D96D40B003376AB /* ToDo */ = {
			isa = PBXNativeTarget;
			buildConfigurationList = C51139E42D96D40C003376AB /* Build configuration list for PBXNativeTarget "ToDo" */;
			buildPhases = (
				C51139D22D96D40B003376AB /* Sources */,
				C51139D32D96D40B003376AB /* Frameworks */,
				C51139D42D96D40B003376AB /* Resources */,
			);
			buildRules = (
			);
			dependencies = (
			);
			name = ToDo;
			packageProductDependencies = (
			);
			productName = ToDo;
			productReference = C51139D62D96D40B003376AB /* ToDo.app */;
			productType = "com.apple.product-type.application";
		};
		C51139F82D96D656003376AB /* ToDoTests */ = {
			isa = PBXNativeTarget;
			buildConfigurationList = C51139FF2D96D656003376AB /* Build configuration list for PBXNativeTarget "ToDoTests" */;
			buildPhases = (
				C51139F52D96D656003376AB /* Sources */,
				C51139F62D96D656003376AB /* Frameworks */,
				C51139F72D96D656003376AB /* Resources */,
			);
			buildRules = (
			);
			dependencies = (
				C51139FE2D96D656003376AB /* PBXTargetDependency */,
			);
			name = ToDoTests;
			packageProductDependencies = (
			);
			productName = ToDoTests;
			productReference = C51139F92D96D656003376AB /* ToDoTests.xctest */;
			productType = "com.apple.product-type.bundle.unit-test";
		};
/* End PBXNativeTarget section */

/* Begin PBXProject section */
		C51139CE2D96D40B003376AB /* Project object */ = {
			isa = PBXProject;
			attributes = {
				BuildIndependentTargetsInParallel = 1;
				LastSwiftUpdateCheck = 1620;
				LastUpgradeCheck = 1630;
				TargetAttributes = {
					C51139D52D96D40B003376AB = {
						CreatedOnToolsVersion = 16.2;
					};
					C51139F82D96D656003376AB = {
						CreatedOnToolsVersion = 16.2;
						TestTargetID = C51139D52D96D40B003376AB;
					};
				};
			};
			buildConfigurationList = C51139D12D96D40B003376AB /* Build configuration list for PBXProject "ToDo" */;
			developmentRegion = en;
			hasScannedForEncodings = 0;
			knownRegions = (
				en,
				Base,
			);
			mainGroup = C51139CD2D96D40B003376AB;
			minimizedProjectReferenceProxies = 1;
			preferredProjectObjectVersion = 77;
			productRefGroup = C51139D72D96D40B003376AB /* Products */;
			projectDirPath = "";
			projectRoot = "";
			targets = (
				C51139D52D96D40B003376AB /* ToDo */,
				C51139F82D96D656003376AB /* ToDoTests */,
			);
		};
/* End PBXProject section */

/* Begin PBXResourcesBuildPhase section */
		C51139D42D96D40B003376AB /* Resources */ = {
			isa = PBXResourcesBuildPhase;
			buildActionMask = 2147483647;
			files = (
				C5113A692D9704A0003376AB /* Preview Assets.xcassets in Resources */,
				C5113A6A2D9704A0003376AB /* Assets.xcassets in Resources */,
			);
			runOnlyForDeploymentPostprocessing = 0;
		};
		C51139F72D96D656003376AB /* Resources */ = {
			isa = PBXResourcesBuildPhase;
			buildActionMask = 2147483647;
			files = (
			);
			runOnlyForDeploymentPostprocessing = 0;
		};
/* End PBXResourcesBuildPhase section */

/* Begin PBXSourcesBuildPhase section */
		C51139D22D96D40B003376AB /* Sources */ = {
			isa = PBXSourcesBuildPhase;
			buildActionMask = 2147483647;
			files = (
				C585DDD62D986ABC008A3BA5 /* ToggleTaskUseCase.swift in Sources */,
				C5113A6B2D9704A0003376AB /* InMemoryTaskRepository.swift in Sources */,
				C585DDE22D998F1F008A3BA5 /* TaskTitleValidator.swift in Sources */,
				C5113A6C2D9704A0003376AB /* Task.swift in Sources */,
				C5113A6D2D9704A0003376AB /* TaskRepository.swift in Sources */,
				C5113A6E2D9704A0003376AB /* CreateTaskUseCase.swift in Sources */,
				C5B96B212DB69DA400413B7B /* TaskListViewModel.swift in Sources */,
				C5E24FC52DBAADE900349EAE /* TaskListView.swift in Sources */,
				C5113A6F2D9704A0003376AB /* ListTasksUseCase.swift in Sources */,
				C585DDDA2D9878F0008A3BA5 /* DeleteTaskUseCase.swift in Sources */,
				C585DDDD2D9981A1008A3BA5 /* CreateTaskError.swift in Sources */,
				C5113A702D9704A0003376AB /* ContentView.swift in Sources */,
				C5B96B1C2DB6968000413B7B /* UserDefaultsTaskRepository.swift in Sources */,
				C5113A712D9704A0003376AB /* ToDoApp.swift in Sources */,
			);
			runOnlyForDeploymentPostprocessing = 0;
		};
		C51139F52D96D656003376AB /* Sources */ = {
			isa = PBXSourcesBuildPhase;
			buildActionMask = 2147483647;
			files = (
				C53416E92D99919D000B60F1 /* TaskTitleValidatorTests.swift in Sources */,
				C585DDD42D971FF3008A3BA5 /* ToggleTaskUseCaseTests.swift in Sources */,
				C585DDD82D986F2C008A3BA5 /* DeleteTaskUseCaseTests.swift in Sources */,
				C5B96B242DB81AA100413B7B /* TaskListViewModelTests.swift in Sources */,
				C5B96B1F2DB6998C00413B7B /* UserDefaultsTaskRepositoryTests.swift in Sources */,
				C5113A772D9704A4003376AB /* CreateTaskUseCaseTests.swift in Sources */,
				C5113A782D9704A4003376AB /* ListTasksUseCaseTests.swift.swift in Sources */,
			);
			runOnlyForDeploymentPostprocessing = 0;
		};
/* End PBXSourcesBuildPhase section */

/* Begin PBXTargetDependency section */
		C51139FE2D96D656003376AB /* PBXTargetDependency */ = {
			isa = PBXTargetDependency;
			target = C51139D52D96D40B003376AB /* ToDo */;
			targetProxy = C51139FD2D96D656003376AB /* PBXContainerItemProxy */;
		};
/* End PBXTargetDependency section */

/* Begin XCBuildConfiguration section */
		C51139E22D96D40C003376AB /* Debug */ = {
			isa = XCBuildConfiguration;
			buildSettings = {
				ALWAYS_SEARCH_USER_PATHS = NO;
				ASSETCATALOG_COMPILER_GENERATE_SWIFT_ASSET_SYMBOL_EXTENSIONS = YES;
				CLANG_ANALYZER_NONNULL = YES;
				CLANG_ANALYZER_NUMBER_OBJECT_CONVERSION = YES_AGGRESSIVE;
				CLANG_CXX_LANGUAGE_STANDARD = "gnu++20";
				CLANG_ENABLE_MODULES = YES;
				CLANG_ENABLE_OBJC_ARC = YES;
				CLANG_ENABLE_OBJC_WEAK = YES;
				CLANG_WARN_BLOCK_CAPTURE_AUTORELEASING = YES;
				CLANG_WARN_BOOL_CONVERSION = YES;
				CLANG_WARN_COMMA = YES;
				CLANG_WARN_CONSTANT_CONVERSION = YES;
				CLANG_WARN_DEPRECATED_OBJC_IMPLEMENTATIONS = YES;
				CLANG_WARN_DIRECT_OBJC_ISA_USAGE = YES_ERROR;
				CLANG_WARN_DOCUMENTATION_COMMENTS = YES;
				CLANG_WARN_EMPTY_BODY = YES;
				CLANG_WARN_ENUM_CONVERSION = YES;
				CLANG_WARN_INFINITE_RECURSION = YES;
				CLANG_WARN_INT_CONVERSION = YES;
				CLANG_WARN_NON_LITERAL_NULL_CONVERSION = YES;
				CLANG_WARN_OBJC_IMPLICIT_RETAIN_SELF = YES;
				CLANG_WARN_OBJC_LITERAL_CONVERSION = YES;
				CLANG_WARN_OBJC_ROOT_CLASS = YES_ERROR;
				CLANG_WARN_QUOTED_INCLUDE_IN_FRAMEWORK_HEADER = YES;
				CLANG_WARN_RANGE_LOOP_ANALYSIS = YES;
				CLANG_WARN_STRICT_PROTOTYPES = YES;
				CLANG_WARN_SUSPICIOUS_MOVE = YES;
				CLANG_WARN_UNGUARDED_AVAILABILITY = YES_AGGRESSIVE;
				CLANG_WARN_UNREACHABLE_CODE = YES;
				CLANG_WARN__DUPLICATE_METHOD_MATCH = YES;
				COPY_PHASE_STRIP = NO;
				DEBUG_INFORMATION_FORMAT = dwarf;
				DEVELOPMENT_TEAM = KA74A9Q966;
				ENABLE_STRICT_OBJC_MSGSEND = YES;
				ENABLE_TESTABILITY = YES;
				ENABLE_USER_SCRIPT_SANDBOXING = YES;
				GCC_C_LANGUAGE_STANDARD = gnu17;
				GCC_DYNAMIC_NO_PIC = NO;
				GCC_NO_COMMON_BLOCKS = YES;
				GCC_OPTIMIZATION_LEVEL = 0;
				GCC_PREPROCESSOR_DEFINITIONS = (
					"DEBUG=1",
					"$(inherited)",
				);
				GCC_WARN_64_TO_32_BIT_CONVERSION = YES;
				GCC_WARN_ABOUT_RETURN_TYPE = YES_ERROR;
				GCC_WARN_UNDECLARED_SELECTOR = YES;
				GCC_WARN_UNINITIALIZED_AUTOS = YES_AGGRESSIVE;
				GCC_WARN_UNUSED_FUNCTION = YES;
				GCC_WARN_UNUSED_VARIABLE = YES;
				IPHONEOS_DEPLOYMENT_TARGET = 18.2;
				LOCALIZATION_PREFERS_STRING_CATALOGS = YES;
				MTL_ENABLE_DEBUG_INFO = INCLUDE_SOURCE;
				MTL_FAST_MATH = YES;
				ONLY_ACTIVE_ARCH = YES;
				SDKROOT = iphoneos;
				SWIFT_ACTIVE_COMPILATION_CONDITIONS = "DEBUG $(inherited)";
				SWIFT_OPTIMIZATION_LEVEL = "-Onone";
			};
			name = Debug;
		};
		C51139E32D96D40C003376AB /* Release */ = {
			isa = XCBuildConfiguration;
			buildSettings = {
				ALWAYS_SEARCH_USER_PATHS = NO;
				ASSETCATALOG_COMPILER_GENERATE_SWIFT_ASSET_SYMBOL_EXTENSIONS = YES;
				CLANG_ANALYZER_NONNULL = YES;
				CLANG_ANALYZER_NUMBER_OBJECT_CONVERSION = YES_AGGRESSIVE;
				CLANG_CXX_LANGUAGE_STANDARD = "gnu++20";
				CLANG_ENABLE_MODULES = YES;
				CLANG_ENABLE_OBJC_ARC = YES;
				CLANG_ENABLE_OBJC_WEAK = YES;
				CLANG_WARN_BLOCK_CAPTURE_AUTORELEASING = YES;
				CLANG_WARN_BOOL_CONVERSION = YES;
				CLANG_WARN_COMMA = YES;
				CLANG_WARN_CONSTANT_CONVERSION = YES;
				CLANG_WARN_DEPRECATED_OBJC_IMPLEMENTATIONS = YES;
				CLANG_WARN_DIRECT_OBJC_ISA_USAGE = YES_ERROR;
				CLANG_WARN_DOCUMENTATION_COMMENTS = YES;
				CLANG_WARN_EMPTY_BODY = YES;
				CLANG_WARN_ENUM_CONVERSION = YES;
				CLANG_WARN_INFINITE_RECURSION = YES;
				CLANG_WARN_INT_CONVERSION = YES;
				CLANG_WARN_NON_LITERAL_NULL_CONVERSION = YES;
				CLANG_WARN_OBJC_IMPLICIT_RETAIN_SELF = YES;
				CLANG_WARN_OBJC_LITERAL_CONVERSION = YES;
				CLANG_WARN_OBJC_ROOT_CLASS = YES_ERROR;
				CLANG_WARN_QUOTED_INCLUDE_IN_FRAMEWORK_HEADER = YES;
				CLANG_WARN_RANGE_LOOP_ANALYSIS = YES;
				CLANG_WARN_STRICT_PROTOTYPES = YES;
				CLANG_WARN_SUSPICIOUS_MOVE = YES;
				CLANG_WARN_UNGUARDED_AVAILABILITY = YES_AGGRESSIVE;
				CLANG_WARN_UNREACHABLE_CODE = YES;
				CLANG_WARN__DUPLICATE_METHOD_MATCH = YES;
				COPY_PHASE_STRIP = NO;
				DEBUG_INFORMATION_FORMAT = "dwarf-with-dsym";
				DEVELOPMENT_TEAM = KA74A9Q966;
				ENABLE_NS_ASSERTIONS = NO;
				ENABLE_STRICT_OBJC_MSGSEND = YES;
				ENABLE_USER_SCRIPT_SANDBOXING = YES;
				GCC_C_LANGUAGE_STANDARD = gnu17;
				GCC_NO_COMMON_BLOCKS = YES;
				GCC_WARN_64_TO_32_BIT_CONVERSION = YES;
				GCC_WARN_ABOUT_RETURN_TYPE = YES_ERROR;
				GCC_WARN_UNDECLARED_SELECTOR = YES;
				GCC_WARN_UNINITIALIZED_AUTOS = YES_AGGRESSIVE;
				GCC_WARN_UNUSED_FUNCTION = YES;
				GCC_WARN_UNUSED_VARIABLE = YES;
				IPHONEOS_DEPLOYMENT_TARGET = 18.2;
				LOCALIZATION_PREFERS_STRING_CATALOGS = YES;
				MTL_ENABLE_DEBUG_INFO = NO;
				MTL_FAST_MATH = YES;
				SDKROOT = iphoneos;
				SWIFT_COMPILATION_MODE = wholemodule;
				VALIDATE_PRODUCT = YES;
			};
			name = Release;
		};
		C51139E52D96D40C003376AB /* Debug */ = {
			isa = XCBuildConfiguration;
			buildSettings = {
				ASSETCATALOG_COMPILER_APPICON_NAME = AppIcon;
				ASSETCATALOG_COMPILER_GLOBAL_ACCENT_COLOR_NAME = AccentColor;
				CODE_SIGN_STYLE = Automatic;
				CURRENT_PROJECT_VERSION = 1;
				DEVELOPMENT_ASSET_PATHS = "\"ToDo/Preview Content\"";
				ENABLE_PREVIEWS = YES;
				GENERATE_INFOPLIST_FILE = YES;
				INFOPLIST_KEY_UIApplicationSceneManifest_Generation = YES;
				INFOPLIST_KEY_UIApplicationSupportsIndirectInputEvents = YES;
				INFOPLIST_KEY_UILaunchScreen_Generation = YES;
				INFOPLIST_KEY_UISupportedInterfaceOrientations_iPad = "UIInterfaceOrientationPortrait UIInterfaceOrientationPortraitUpsideDown UIInterfaceOrientationLandscapeLeft UIInterfaceOrientationLandscapeRight";
				INFOPLIST_KEY_UISupportedInterfaceOrientations_iPhone = "UIInterfaceOrientationPortrait UIInterfaceOrientationLandscapeLeft UIInterfaceOrientationLandscapeRight";
				LD_RUNPATH_SEARCH_PATHS = (
					"$(inherited)",
					"@executable_path/Frameworks",
				);
				MARKETING_VERSION = 1.0;
				PRODUCT_BUNDLE_IDENTIFIER = jeancamargoreal.ToDo;
				PRODUCT_NAME = "$(TARGET_NAME)";
				SWIFT_EMIT_LOC_STRINGS = YES;
				SWIFT_VERSION = 5.0;
				TARGETED_DEVICE_FAMILY = "1,2";
			};
			name = Debug;
		};
		C51139E62D96D40C003376AB /* Release */ = {
			isa = XCBuildConfiguration;
			buildSettings = {
				ASSETCATALOG_COMPILER_APPICON_NAME = AppIcon;
				ASSETCATALOG_COMPILER_GLOBAL_ACCENT_COLOR_NAME = AccentColor;
				CODE_SIGN_STYLE = Automatic;
				CURRENT_PROJECT_VERSION = 1;
				DEVELOPMENT_ASSET_PATHS = "\"ToDo/Preview Content\"";
				ENABLE_PREVIEWS = YES;
				GENERATE_INFOPLIST_FILE = YES;
				INFOPLIST_KEY_UIApplicationSceneManifest_Generation = YES;
				INFOPLIST_KEY_UIApplicationSupportsIndirectInputEvents = YES;
				INFOPLIST_KEY_UILaunchScreen_Generation = YES;
				INFOPLIST_KEY_UISupportedInterfaceOrientations_iPad = "UIInterfaceOrientationPortrait UIInterfaceOrientationPortraitUpsideDown UIInterfaceOrientationLandscapeLeft UIInterfaceOrientationLandscapeRight";
				INFOPLIST_KEY_UISupportedInterfaceOrientations_iPhone = "UIInterfaceOrientationPortrait UIInterfaceOrientationLandscapeLeft UIInterfaceOrientationLandscapeRight";
				LD_RUNPATH_SEARCH_PATHS = (
					"$(inherited)",
					"@executable_path/Frameworks",
				);
				MARKETING_VERSION = 1.0;
				PRODUCT_BUNDLE_IDENTIFIER = jeancamargoreal.ToDo;
				PRODUCT_NAME = "$(TARGET_NAME)";
				SWIFT_EMIT_LOC_STRINGS = YES;
				SWIFT_VERSION = 5.0;
				TARGETED_DEVICE_FAMILY = "1,2";
			};
			name = Release;
		};
		C5113A002D96D656003376AB /* Debug */ = {
			isa = XCBuildConfiguration;
			buildSettings = {
				BUNDLE_LOADER = "$(TEST_HOST)";
				CODE_SIGN_STYLE = Automatic;
				CURRENT_PROJECT_VERSION = 1;
				GENERATE_INFOPLIST_FILE = YES;
				MARKETING_VERSION = 1.0;
				PRODUCT_BUNDLE_IDENTIFIER = jeancamargoreal.ToDoTests;
				PRODUCT_NAME = "$(TARGET_NAME)";
				SWIFT_EMIT_LOC_STRINGS = NO;
				SWIFT_VERSION = 5.0;
				TARGETED_DEVICE_FAMILY = "1,2";
				TEST_HOST = "$(BUILT_PRODUCTS_DIR)/ToDo.app/$(BUNDLE_EXECUTABLE_FOLDER_PATH)/ToDo";
			};
			name = Debug;
		};
		C5113A012D96D656003376AB /* Release */ = {
			isa = XCBuildConfiguration;
			buildSettings = {
				BUNDLE_LOADER = "$(TEST_HOST)";
				CODE_SIGN_STYLE = Automatic;
				CURRENT_PROJECT_VERSION = 1;
				GENERATE_INFOPLIST_FILE = YES;
				MARKETING_VERSION = 1.0;
				PRODUCT_BUNDLE_IDENTIFIER = jeancamargoreal.ToDoTests;
				PRODUCT_NAME = "$(TARGET_NAME)";
				SWIFT_EMIT_LOC_STRINGS = NO;
				SWIFT_VERSION = 5.0;
				TARGETED_DEVICE_FAMILY = "1,2";
				TEST_HOST = "$(BUILT_PRODUCTS_DIR)/ToDo.app/$(BUNDLE_EXECUTABLE_FOLDER_PATH)/ToDo";
			};
			name = Release;
		};
/* End XCBuildConfiguration section */

/* Begin XCConfigurationList section */
		C51139D12D96D40B003376AB /* Build configuration list for PBXProject "ToDo" */ = {
			isa = XCConfigurationList;
			buildConfigurations = (
				C51139E22D96D40C003376AB /* Debug */,
				C51139E32D96D40C003376AB /* Release */,
			);
			defaultConfigurationIsVisible = 0;
			defaultConfigurationName = Release;
		};
		C51139E42D96D40C003376AB /* Build configuration list for PBXNativeTarget "ToDo" */ = {
			isa = XCConfigurationList;
			buildConfigurations = (
				C51139E52D96D40C003376AB /* Debug */,
				C51139E62D96D40C003376AB /* Release */,
			);
			defaultConfigurationIsVisible = 0;
			defaultConfigurationName = Release;
		};
		C51139FF2D96D656003376AB /* Build configuration list for PBXNativeTarget "ToDoTests" */ = {
			isa = XCConfigurationList;
			buildConfigurations = (
				C5113A002D96D656003376AB /* Debug */,
				C5113A012D96D656003376AB /* Release */,
			);
			defaultConfigurationIsVisible = 0;
			defaultConfigurationName = Release;
		};
/* End XCConfigurationList section */
	};
	rootObject = C51139CE2D96D40B003376AB /* Project object */;
}
